
Microsoft Visual Studio Solution File, Format Version 12.00
# Visual Studio Version 17
VisualStudioVersion = 17.7.34024.191
MinimumVisualStudioVersion = 10.0.40219.1
Project("{FAE04EC0-301F-11D3-BF4B-00C04F79EFBC}") = "Client", "Client\Client.csproj", "{A0869042-F8CC-4368-B10A-5F174096F075}"
EndProject
Project("{FAE04EC0-301F-11D3-BF4B-00C04F79EFBC}") = "Server", "ServerSync\Server.csproj", "{397D118D-09D2-46C6-8342-FCE5C07829A5}"
EndProject
Global
	GlobalSection(SolutionConfigurationPlatforms) = preSolution
		Debug|Any CPU = Debug|Any CPU
		Release|Any CPU = Release|Any CPU
	EndGlobalSection
	GlobalSection(ProjectConfigurationPlatforms) = postSolution
		{A0869042-F8CC-4368-B10A-5F174096F075}.Debug|Any CPU.ActiveCfg = Debug|Any CPU
		{A0869042-F8CC-4368-B10A-5F174096F075}.Debug|Any CPU.Build.0 = Debug|Any CPU
		{A0869042-F8CC-4368-B10A-5F174096F075}.Release|Any CPU.ActiveCfg = Release|Any CPU
		{A0869042-F8CC-4368-B10A-5F174096F075}.Release|Any CPU.Build.0 = Release|Any CPU
		{397D118D-09D2-46C6-8342-FCE5C07829A5}.Debug|Any CPU.ActiveCfg = Debug|Any CPU
		{397D118D-09D2-46C6-8342-FCE5C07829A5}.Debug|Any CPU.Build.0 = Debug|Any CPU
		{397D118D-09D2-46C6-8342-FCE5C07829A5}.Release|Any CPU.ActiveCfg = Release|Any CPU
		{397D118D-09D2-46C6-8342-FCE5C07829A5}.Release|Any CPU.Build.0 = Release|Any CPU
	EndGlobalSection
	GlobalSection(SolutionProperties) = preSolution
		HideSolutionNode = FALSE
	EndGlobalSection
	GlobalSection(ExtensibilityGlobals) = postSolution
		SolutionGuid = {F496E923-CC77-4551-8B91-FFB6874D0CDD}
	EndGlobalSection
EndGlobal
